{
  "version": 4,
  "terraform_version": "1.16.1",
  "serial": 137,
  "lineage": "76e2b7b5-275d-3001-a2df-a7da43a9aee9",
  "outputs": {
    "ssh_command": {
      "value": "ssh -i C:/Users/Student/.ssh/azure_rsa azureuser@9.205.24.6",
      "type": "string"
    }
  },
  "resources": [
    {
      "mode": "managed",
      "type": "azurerm_linux_virtual_machine",
      "name": "vm",
      "provider": "provider[\"registry.terraform.io/hashicorp/azurerm\"]",
      "instances": [
        {
          "schema_version": 0,
          "attributes": {
            "additional_capabilities": [],
            "admin_password": null,
            "admin_ssh_key": [
              {
                "public_key": "ssh-rsa AAAAB3NzaC1yc2EAAAADAQABAAACAQCwN4f9qYBR+wMCU94l0MGM3urCQ5NqjD50FcZtR0OiAX2rRbDNr0VaLUzpXsbDXceR/IeHZgRw2yp1DxBbotskU78AD0wiJ6JARcZKXixi3Q4xkolkOC6PIvc1ssHwyGJjT/ba2DRZJrDKMVTqrLMgUJW50PxyVEepRtW6ZFgxYDKzaPuHY2RkJB++xH1gAE8MBJld+Tjh32n4Kzla8iQLMOwwoEvJzJLwuqPjZdy3+WRjhpdIX9kAUg1T67CGAle0F7YARCtqt262yB0ZM9IjbB1/Nu5NXuS/hS9zRwuWLVxr0MHdxteK3B6TyPFOhTAse4CUqt+P6ZZLwyyj7Wx1Rct2+vfCJnabXyl2IwEMRTKpNm3pDH5mYgXA/U+QMVyrnTPYP8H58TMzF2vtGtqlJvI/59A/bPpVjAaqPraixvsKUC0cUkLtchfJaLrUzT1OEmXwteUEi4Jo68b8WT9r2tuLuGDT0JwbdxJH5Vd8tpXH1K43z1OroicdWyYnPB3PpSkbGBBsHEYW4yBKLpVUKnPJkFPbLqjD0x3dwrUy1R3yxlt1N2EYWdsnX5Yn0wL+MaaQ/imGwD5c6FgTk6C42O6SCHiOzMP2p1ZgJoEiuf5cfM4SWasriiqBY6c29NmNKLCW2JtjrFFCBwoCOXobcDKBy68vUfGJwYALJxTa6w== student@xww7575\r\n",
                "username": "azureuser"
              }
            ],
            "admin_username": "azureuser",
            "allow_extension_operations": true,
            "availability_set_id": "",
            "boot_diagnostics": [],
            "bypass_platform_safety_checks_on_user_schedule_enabled": false,
            "capacity_reservation_group_id": "",
            "computer_name": "vm-xww7575",
            "custom_data": null,
            "dedicated_host_group_id": "",
            "dedicated_host_id": "",
            "disable_password_authentication": true,
            "disk_controller_type": "",
            "edge_zone": "",
            "encryption_at_host_enabled": false,
            "eviction_policy": "",
            "extensions_time_budget": "PT1H30M",
            "gallery_application": [],
            "id": "/subscriptions/ed0981dc-8d03-42c2-83a1-661e7902c76d/resourceGroups/rg-nssa320-xww7575/providers/Microsoft.Compute/virtualMachines/vm-xww7575",
            "identity": [],
            "license_type": "",
            "location": "denmarkeast",
            "max_bid_price": -1,
            "name": "vm-xww7575",
            "network_interface_ids": [
              "/subscriptions/ed0981dc-8d03-42c2-83a1-661e7902c76d/resourceGroups/rg-nssa320-xww7575/providers/Microsoft.Network/networkInterfaces/nic-xww7575"
            ],
            "os_disk": [
              {
                "caching": "ReadWrite",
                "diff_disk_settings": [],
                "disk_encryption_set_id": "",
                "disk_size_gb": 30,
                "id": "/subscriptions/ed0981dc-8d03-42c2-83a1-661e7902c76d/resourceGroups/rg-nssa320-xww7575/providers/Microsoft.Compute/disks/vm-xww7575_OsDisk_1_0d6c487921cf4ebd9ec066ac234a7a0d",
                "name": "vm-xww7575_OsDisk_1_0d6c487921cf4ebd9ec066ac234a7a0d",
                "secure_vm_disk_encryption_set_id": "",
                "security_encryption_type": "",
                "storage_account_type": "Standard_LRS",
                "write_accelerator_enabled": false
              }
            ],
            "os_image_notification": [],
            "os_managed_disk_id": "/subscriptions/ed0981dc-8d03-42c2-83a1-661e7902c76d/resourceGroups/rg-nssa320-xww7575/providers/Microsoft.Compute/disks/vm-xww7575_OsDisk_1_0d6c487921cf4ebd9ec066ac234a7a0d",
            "patch_assessment_mode": "ImageDefault",
            "patch_mode": "ImageDefault",
            "plan": [],
            "platform_fault_domain": -1,
            "priority": "Regular",
            "private_ip_address": "10.0.1.4",
            "private_ip_addresses": [
              "10.0.1.4"
            ],
            "provision_vm_agent": true,
            "proximity_placement_group_id": "",
            "public_ip_address": "9.205.24.6",
            "public_ip_addresses": [
              "9.205.24.6"
            ],
            "reboot_setting": "",
            "resource_group_name": "rg-nssa320-xww7575",
            "secret": [],
            "secure_boot_enabled": false,
            "size": "Standard_B2ms",
            "source_image_id": "",
            "source_image_reference": [
              {
                "offer": "0001-com-ubuntu-server-jammy",
                "publisher": "Canonical",
                "sku": "22_04-lts",
                "version": "latest"
              }
            ],
            "tags": null,
            "termination_notification": null,
            "timeouts": null,
            "user_data": "",
            "virtual_machine_id": "33f0a8cf-3ed7-4f6e-9868-848f4ee901da",
            "virtual_machine_scale_set_id": "",
            "vm_agent_platform_updates_enabled": true,
            "vtpm_enabled": false,
            "zone": ""
          },
          "sensitive_attributes": [
            [
              {
                "type": "get_attr",
                "value": "admin_password"
              }
            ],
            [
              {
                "type": "get_attr",
                "value": "custom_data"
              }
            ]
          ],
          "identity_schema_version": 0,
          "private": "eyJlMmJmYjczMC1lY2FhLTExZTYtOGY4OC0zNDM2M2JjN2M0YzAiOnsiY3JlYXRlIjoyNzAwMDAwMDAwMDAwLCJkZWxldGUiOjI3MDAwMDAwMDAwMDAsInJlYWQiOjMwMDAwMDAwMDAwMCwidXBkYXRlIjoyNzAwMDAwMDAwMDAwfX0=",
          "dependencies": [
            "azurerm_network_interface.nic",
            "azurerm_public_ip.pip",
            "azurerm_resource_group.rg",
            "azurerm_subnet.subnet",
            "azurerm_virtual_network.vnet"
          ]
        }
      ]
    },
    {
      "mode": "managed",
      "type": "azurerm_network_interface",
      "name": "nic",
      "provider": "provider[\"registry.terraform.io/hashicorp/azurerm\"]",
      "instances": [
        {
          "schema_version": 0,
          "attributes": {
            "accelerated_networking_enabled": false,
            "applied_dns_servers": [],
            "auxiliary_mode": "",
            "auxiliary_sku": "",
            "dns_servers": [],
            "edge_zone": "",
            "id": "/subscriptions/ed0981dc-8d03-42c2-83a1-661e7902c76d/resourceGroups/rg-nssa320-xww7575/providers/Microsoft.Network/networkInterfaces/nic-xww7575",
            "internal_dns_name_label": "",
            "internal_domain_name_suffix": "",
            "ip_configuration": [
              {
                "gateway_load_balancer_frontend_ip_configuration_id": "",
                "name": "ipconfig",
                "primary": true,
                "private_ip_address": "10.0.1.4",
                "private_ip_address_allocation": "Dynamic",
                "private_ip_address_version": "IPv4",
                "public_ip_address_id": "/subscriptions/ed0981dc-8d03-42c2-83a1-661e7902c76d/resourceGroups/rg-nssa320-xww7575/providers/Microsoft.Network/publicIPAddresses/pip-xww7575",
                "subnet_id": "/subscriptions/ed0981dc-8d03-42c2-83a1-661e7902c76d/resourceGroups/rg-nssa320-xww7575/providers/Microsoft.Network/virtualNetworks/vnet-xww7575/subnets/subnet1"
              }
            ],
            "ip_forwarding_enabled": false,
            "location": "denmarkeast",
            "mac_address": "7C-ED-8D-37-F0-0A",
            "name": "nic-xww7575",
            "private_ip_address": "10.0.1.4",
            "private_ip_addresses": [
              "10.0.1.4"
            ],
            "resource_group_name": "rg-nssa320-xww7575",
            "tags": {},
            "timeouts": null,
            "virtual_machine_id": "/subscriptions/ed0981dc-8d03-42c2-83a1-661e7902c76d/resourceGroups/rg-nssa320-xww7575/providers/Microsoft.Compute/virtualMachines/vm-xww7575"
          },
          "sensitive_attributes": [],
          "identity_schema_version": 0,
          "identity": {
            "name": "nic-xww7575",
            "resource_group_name": "rg-nssa320-xww7575",
            "subscription_id": "ed0981dc-8d03-42c2-83a1-661e7902c76d"
          },
          "private": "eyJlMmJmYjczMC1lY2FhLTExZTYtOGY4OC0zNDM2M2JjN2M0YzAiOnsiY3JlYXRlIjoxODAwMDAwMDAwMDAwLCJkZWxldGUiOjE4MDAwMDAwMDAwMDAsInJlYWQiOjMwMDAwMDAwMDAwMCwidXBkYXRlIjoxODAwMDAwMDAwMDAwfX0=",
          "dependencies": [
            "azurerm_public_ip.pip",
            "azurerm_resource_group.rg",
            "azurerm_subnet.subnet",
            "azurerm_virtual_network.vnet"
          ]
        }
      ]
    },
    {
      "mode": "managed",
      "type": "azurerm_network_security_group",
      "name": "nsg",
      "provider": "provider[\"registry.terraform.io/hashicorp/azurerm\"]",
      "instances": [
        {
          "schema_version": 0,
          "attributes": {
            "id": "/subscriptions/ed0981dc-8d03-42c2-83a1-661e7902c76d/resourceGroups/rg-nssa320-xww7575/providers/Microsoft.Network/networkSecurityGroups/nsg-ssh",
            "location": "denmarkeast",
            "name": "nsg-ssh",
            "resource_group_name": "rg-nssa320-xww7575",
            "security_rule": [
              {
                "access": "Allow",
                "description": "",
                "destination_address_prefix": "*",
                "destination_address_prefixes": [],
                "destination_application_security_group_ids": [],
                "destination_port_range": "22",
                "destination_port_ranges": [],
                "direction": "Inbound",
                "name": "Allow_SSH",
                "priority": 1001,
                "protocol": "Tcp",
                "source_address_prefix": "*",
                "source_address_prefixes": [],
                "source_application_security_group_ids": [],
                "source_port_range": "*",
                "source_port_ranges": []
              },
              {
                "access": "Allow",
                "description": "",
                "destination_address_prefix": "*",
                "destination_address_prefixes": [],
                "destination_application_security_group_ids": [],
                "destination_port_range": "80",
                "destination_port_ranges": [],
                "direction": "Inbound",
                "name": "HTTP",
                "priority": 1002,
                "protocol": "Tcp",
                "source_address_prefix": "*",
                "source_address_prefixes": [],
                "source_application_security_group_ids": [],
                "source_port_range": "*",
                "source_port_ranges": []
              }
            ],
            "tags": {},
            "timeouts": null
          },
          "sensitive_attributes": [],
          "identity_schema_version": 0,
          "identity": {
            "name": "nsg-ssh",
            "resource_group_name": "rg-nssa320-xww7575",
            "subscription_id": "ed0981dc-8d03-42c2-83a1-661e7902c76d"
          },
          "private": "eyJlMmJmYjczMC1lY2FhLTExZTYtOGY4OC0zNDM2M2JjN2M0YzAiOnsiY3JlYXRlIjoxODAwMDAwMDAwMDAwLCJkZWxldGUiOjE4MDAwMDAwMDAwMDAsInJlYWQiOjMwMDAwMDAwMDAwMCwidXBkYXRlIjoxODAwMDAwMDAwMDAwfX0=",
          "dependencies": [
            "azurerm_resource_group.rg"
          ]
        }
      ]
    },
    {
      "mode": "managed",
      "type": "azurerm_public_ip",
      "name": "pip",
      "provider": "provider[\"registry.terraform.io/hashicorp/azurerm\"]",
      "instances": [
        {
          "schema_version": 0,
          "attributes": {
            "allocation_method": "Static",
            "ddos_protection_mode": "VirtualNetworkInherited",
            "ddos_protection_plan_id": null,
            "domain_name_label": "",
            "domain_name_label_scope": "",
            "edge_zone": "",
            "fqdn": "",
            "id": "/subscriptions/ed0981dc-8d03-42c2-83a1-661e7902c76d/resourceGroups/rg-nssa320-xww7575/providers/Microsoft.Network/publicIPAddresses/pip-xww7575",
            "idle_timeout_in_minutes": 4,
            "ip_address": "9.205.24.6",
            "ip_tags": {},
            "ip_version": "IPv4",
            "location": "denmarkeast",
            "name": "pip-xww7575",
            "public_ip_prefix_id": null,
            "resource_group_name": "rg-nssa320-xww7575",
            "reverse_fqdn": "",
            "sku": "Standard",
            "sku_tier": "Regional",
            "tags": {},
            "timeouts": null,
            "zones": []
          },
          "sensitive_attributes": [],
          "identity_schema_version": 0,
          "identity": {
            "name": "pip-xww7575",
            "resource_group_name": "rg-nssa320-xww7575",
            "subscription_id": "ed0981dc-8d03-42c2-83a1-661e7902c76d"
          },
          "private": "eyJlMmJmYjczMC1lY2FhLTExZTYtOGY4OC0zNDM2M2JjN2M0YzAiOnsiY3JlYXRlIjoxODAwMDAwMDAwMDAwLCJkZWxldGUiOjE4MDAwMDAwMDAwMDAsInJlYWQiOjMwMDAwMDAwMDAwMCwidXBkYXRlIjoxODAwMDAwMDAwMDAwfX0=",
          "dependencies": [
            "azurerm_resource_group.rg"
          ]
        }
      ]
    },
    {
      "mode": "managed",
      "type": "azurerm_resource_group",
      "name": "rg",
      "provider": "provider[\"registry.terraform.io/hashicorp/azurerm\"]",
      "instances": [
        {
          "schema_version": 0,
          "attributes": {
            "id": "/subscriptions/ed0981dc-8d03-42c2-83a1-661e7902c76d/resourceGroups/rg-nssa320-xww7575",
            "location": "denmarkeast",
            "managed_by": "",
            "name": "rg-nssa320-xww7575",
            "tags": {},
            "timeouts": null
          },
          "sensitive_attributes": [],
          "identity_schema_version": 0,
          "identity": {
            "name": "rg-nssa320-xww7575",
            "subscription_id": "ed0981dc-8d03-42c2-83a1-661e7902c76d"
          },
          "private": "eyJlMmJmYjczMC1lY2FhLTExZTYtOGY4OC0zNDM2M2JjN2M0YzAiOnsiY3JlYXRlIjo1NDAwMDAwMDAwMDAwLCJkZWxldGUiOjU0MDAwMDAwMDAwMDAsInJlYWQiOjMwMDAwMDAwMDAwMCwidXBkYXRlIjo1NDAwMDAwMDAwMDAwfX0="
        }
      ]
    },
    {
      "mode": "managed",
      "type": "azurerm_subnet",
      "name": "subnet",
      "provider": "provider[\"registry.terraform.io/hashicorp/azurerm\"]",
      "instances": [
        {
          "schema_version": 0,
          "attributes": {
            "address_prefixes": [
              "10.0.1.0/24"
            ],
            "default_outbound_access_enabled": true,
            "delegation": [],
            "id": "/subscriptions/ed0981dc-8d03-42c2-83a1-661e7902c76d/resourceGroups/rg-nssa320-xww7575/providers/Microsoft.Network/virtualNetworks/vnet-xww7575/subnets/subnet1",
            "ip_address_pool": [],
            "name": "subnet1",
            "private_endpoint_network_policies": "Disabled",
            "private_link_service_network_policies_enabled": true,
            "resource_group_name": "rg-nssa320-xww7575",
            "service_endpoint_policy_ids": [],
            "service_endpoints": [],
            "sharing_scope": "",
            "timeouts": null,
            "virtual_network_name": "vnet-xww7575"
          },
          "sensitive_attributes": [],
          "identity_schema_version": 0,
          "identity": {
            "name": "subnet1",
            "resource_group_name": "rg-nssa320-xww7575",
            "subscription_id": "ed0981dc-8d03-42c2-83a1-661e7902c76d",
            "virtual_network_name": "vnet-xww7575"
          },
          "private": "eyJlMmJmYjczMC1lY2FhLTExZTYtOGY4OC0zNDM2M2JjN2M0YzAiOnsiY3JlYXRlIjoxODAwMDAwMDAwMDAwLCJkZWxldGUiOjE4MDAwMDAwMDAwMDAsInJlYWQiOjMwMDAwMDAwMDAwMCwidXBkYXRlIjoxODAwMDAwMDAwMDAwfX0=",
          "dependencies": [
            "azurerm_resource_group.rg",
            "azurerm_virtual_network.vnet"
          ]
        }
      ]
    },
    {
      "mode": "managed",
      "type": "azurerm_subnet_network_security_group_association",
      "name": "nsg_assoc",
      "provider": "provider[\"registry.terraform.io/hashicorp/azurerm\"]",
      "instances": [
        {
          "schema_version": 0,
          "attributes": {
            "id": "/subscriptions/ed0981dc-8d03-42c2-83a1-661e7902c76d/resourceGroups/rg-nssa320-xww7575/providers/Microsoft.Network/virtualNetworks/vnet-xww7575/subnets/subnet1",
            "network_security_group_id": "/subscriptions/ed0981dc-8d03-42c2-83a1-661e7902c76d/resourceGroups/rg-nssa320-xww7575/providers/Microsoft.Network/networkSecurityGroups/nsg-ssh",
            "subnet_id": "/subscriptions/ed0981dc-8d03-42c2-83a1-661e7902c76d/resourceGroups/rg-nssa320-xww7575/providers/Microsoft.Network/virtualNetworks/vnet-xww7575/subnets/subnet1",
            "timeouts": null
          },
          "sensitive_attributes": [],
          "identity_schema_version": 0,
          "private": "eyJlMmJmYjczMC1lY2FhLTExZTYtOGY4OC0zNDM2M2JjN2M0YzAiOnsiY3JlYXRlIjoxODAwMDAwMDAwMDAwLCJkZWxldGUiOjE4MDAwMDAwMDAwMDAsInJlYWQiOjMwMDAwMDAwMDAwMH19",
          "dependencies": [
            "azurerm_network_security_group.nsg",
            "azurerm_resource_group.rg",
            "azurerm_subnet.subnet",
            "azurerm_virtual_network.vnet"
          ]
        }
      ]
    },
    {
      "mode": "managed",
      "type": "azurerm_virtual_network",
      "name": "vnet",
      "provider": "provider[\"registry.terraform.io/hashicorp/azurerm\"]",
      "instances": [
        {
          "schema_version": 0,
          "attributes": {
            "address_space": [
              "10.0.0.0/16"
            ],
            "bgp_community": "",
            "ddos_protection_plan": [],
            "dns_servers": [],
            "edge_zone": "",
            "encryption": [],
            "flow_timeout_in_minutes": 0,
            "guid": "86fc1e54-6a01-4fb3-82fe-e8a6969380e6",
            "id": "/subscriptions/ed0981dc-8d03-42c2-83a1-661e7902c76d/resourceGroups/rg-nssa320-xww7575/providers/Microsoft.Network/virtualNetworks/vnet-xww7575",
            "ip_address_pool": [],
            "location": "denmarkeast",
            "name": "vnet-xww7575",
            "private_endpoint_vnet_policies": "Disabled",
            "resource_group_name": "rg-nssa320-xww7575",
            "subnet": [
              {
                "address_prefixes": [
                  "10.0.1.0/24"
                ],
                "default_outbound_access_enabled": true,
                "delegation": [],
                "id": "/subscriptions/ed0981dc-8d03-42c2-83a1-661e7902c76d/resourceGroups/rg-nssa320-xww7575/providers/Microsoft.Network/virtualNetworks/vnet-xww7575/subnets/subnet1",
                "name": "subnet1",
                "private_endpoint_network_policies": "Disabled",
                "private_link_service_network_policies_enabled": true,
                "route_table_id": "",
                "security_group": "/subscriptions/ed0981dc-8d03-42c2-83a1-661e7902c76d/resourceGroups/rg-nssa320-xww7575/providers/Microsoft.Network/networkSecurityGroups/nsg-ssh",
                "service_endpoint_policy_ids": [],
                "service_endpoints": []
              }
            ],
            "tags": {},
            "timeouts": null
          },
          "sensitive_attributes": [],
          "identity_schema_version": 0,
          "identity": {
            "name": "vnet-xww7575",
            "resource_group_name": "rg-nssa320-xww7575",
            "subscription_id": "ed0981dc-8d03-42c2-83a1-661e7902c76d"
          },
          "private": "eyJlMmJmYjczMC1lY2FhLTExZTYtOGY4OC0zNDM2M2JjN2M0YzAiOnsiY3JlYXRlIjoxODAwMDAwMDAwMDAwLCJkZWxldGUiOjE4MDAwMDAwMDAwMDAsInJlYWQiOjMwMDAwMDAwMDAwMCwidXBkYXRlIjoxODAwMDAwMDAwMDAwfX0=",
          "dependencies": [
            "azurerm_resource_group.rg"
          ]
        }
      ]
    }
  ],
  "check_results": null
}
